
Microsoft Visual Studio Solution File, Format Version 12.00
# Visual Studio Version 17
VisualStudioVersion = 17.4.33122.133
MinimumVisualStudioVersion = 10.0.40219.1
Project("{FAE04EC0-301F-11D3-BF4B-00C04F79EFBC}") = "RPGMakerDatabaseToCsv", "RPGMakerDatabaseToCsv\RPGMakerDatabaseToCsv.csproj", "{0604A869-46B8-4142-B8F2-7A348F446229}"
EndProject
Global
	GlobalSection(SolutionConfigurationPlatforms) = preSolution
		Debug|Any CPU = Debug|Any CPU
		Release|Any CPU = Release|Any CPU
	EndGlobalSection
	GlobalSection(ProjectConfigurationPlatforms) = postSolution
		{0604A869-46B8-4142-B8F2-7A348F446229}.Debug|Any CPU.ActiveCfg = Debug|Any CPU
		{0604A869-46B8-4142-B8F2-7A348F446229}.Debug|Any CPU.Build.0 = Debug|Any CPU
		{0604A869-46B8-4142-B8F2-7A348F446229}.Release|Any CPU.ActiveCfg = Release|Any CPU
		{0604A869-46B8-4142-B8F2-7A348F446229}.Release|Any CPU.Build.0 = Release|Any CPU
	EndGlobalSection
	GlobalSection(SolutionProperties) = preSolution
		HideSolutionNode = FALSE
	EndGlobalSection
	GlobalSection(ExtensibilityGlobals) = postSolution
		SolutionGuid = {E221C5C1-9495-43DF-8FCD-FF0764D16121}
	EndGlobalSection
EndGlobal
